
Microsoft Visual Studio Solution File, Format Version 12.00
# Visual Studio Version 16
VisualStudioVersion = 16.0.29009.5
MinimumVisualStudioVersion = 10.0.40219.1
Project("{FAE04EC0-301F-11D3-BF4B-00C04F79EFBC}") = "WindowsFormsChart", "SimpleImageChartsDemo\WindowsFormsChart.csproj", "{7F952922-1756-44C5-A3B2-DD57B497B222}"
EndProject
Project("{9A19103F-16F7-4668-BE54-9A1E7A4F7556}") = "SimpleImageCharts", "SimpleImageCharts\SimpleImageCharts.csproj", "{7B19259D-E165-438F-BDFD-3F9EE8751083}"
EndProject
Project("{2150E333-8FDC-42A3-9474-1A3956D46DE8}") = "_submodules", "_submodules", "{49A398F4-AC61-4626-AB54-4D3DAEB39054}"
EndProject
Project("{9A19103F-16F7-4668-BE54-9A1E7A4F7556}") = "GdiSharp", "_submodules\GdiSharp\GdiSharp\GdiSharp.csproj", "{97DCD9F7-7030-4808-AD12-A176120F1C4E}"
EndProject
Global
	GlobalSection(SolutionConfigurationPlatforms) = preSolution
		Debug|Any CPU = Debug|Any CPU
		Release|Any CPU = Release|Any CPU
	EndGlobalSection
	GlobalSection(ProjectConfigurationPlatforms) = postSolution
		{7F952922-1756-44C5-A3B2-DD57B497B222}.Debug|Any CPU.ActiveCfg = Debug|Any CPU
		{7F952922-1756-44C5-A3B2-DD57B497B222}.Debug|Any CPU.Build.0 = Debug|Any CPU
		{7F952922-1756-44C5-A3B2-DD57B497B222}.Release|Any CPU.ActiveCfg = Release|Any CPU
		{7F952922-1756-44C5-A3B2-DD57B497B222}.Release|Any CPU.Build.0 = Release|Any CPU
		{7B19259D-E165-438F-BDFD-3F9EE8751083}.Debug|Any CPU.ActiveCfg = Debug|Any CPU
		{7B19259D-E165-438F-BDFD-3F9EE8751083}.Debug|Any CPU.Build.0 = Debug|Any CPU
		{7B19259D-E165-438F-BDFD-3F9EE8751083}.Release|Any CPU.ActiveCfg = Release|Any CPU
		{7B19259D-E165-438F-BDFD-3F9EE8751083}.Release|Any CPU.Build.0 = Release|Any CPU
		{97DCD9F7-7030-4808-AD12-A176120F1C4E}.Debug|Any CPU.ActiveCfg = Debug|Any CPU
		{97DCD9F7-7030-4808-AD12-A176120F1C4E}.Debug|Any CPU.Build.0 = Debug|Any CPU
		{97DCD9F7-7030-4808-AD12-A176120F1C4E}.Release|Any CPU.ActiveCfg = Release|Any CPU
		{97DCD9F7-7030-4808-AD12-A176120F1C4E}.Release|Any CPU.Build.0 = Release|Any CPU
	EndGlobalSection
	GlobalSection(SolutionProperties) = preSolution
		HideSolutionNode = FALSE
	EndGlobalSection
	GlobalSection(NestedProjects) = preSolution
		{97DCD9F7-7030-4808-AD12-A176120F1C4E} = {49A398F4-AC61-4626-AB54-4D3DAEB39054}
	EndGlobalSection
	GlobalSection(ExtensibilityGlobals) = postSolution
		SolutionGuid = {FE5FE79D-1FD9-4878-8FC5-8ADB2E53CBBC}
	EndGlobalSection
EndGlobal
